
Microsoft Visual Studio Solution File, Format Version 12.00
# Visual Studio Version 17
VisualStudioVersion = 17.3.32819.101
MinimumVisualStudioVersion = 10.0.40219.1
Project("{FAE04EC0-301F-11D3-BF4B-00C04F79EFBC}") = "soma_matrizes", "soma_matrizes\soma_matrizes.csproj", "{1BD8B08E-258E-4C0E-85F2-DCF260ECC2DB}"
EndProject
Global
	GlobalSection(SolutionConfigurationPlatforms) = preSolution
		Debug|Any CPU = Debug|Any CPU
		Release|Any CPU = Release|Any CPU
	EndGlobalSection
	GlobalSection(ProjectConfigurationPlatforms) = postSolution
		{1BD8B08E-258E-4C0E-85F2-DCF260ECC2DB}.Debug|Any CPU.ActiveCfg = Debug|Any CPU
		{1BD8B08E-258E-4C0E-85F2-DCF260ECC2DB}.Debug|Any CPU.Build.0 = Debug|Any CPU
		{1BD8B08E-258E-4C0E-85F2-DCF260ECC2DB}.Release|Any CPU.ActiveCfg = Release|Any CPU
		{1BD8B08E-258E-4C0E-85F2-DCF260ECC2DB}.Release|Any CPU.Build.0 = Release|Any CPU
	EndGlobalSection
	GlobalSection(SolutionProperties) = preSolution
		HideSolutionNode = FALSE
	EndGlobalSection
	GlobalSection(ExtensibilityGlobals) = postSolution
		SolutionGuid = {F86692DD-EE99-4005-B3E8-4464B395E21F}
	EndGlobalSection
EndGlobal
