
Microsoft Visual Studio Solution File, Format Version 12.00
# Visual Studio Version 17
VisualStudioVersion = 17.3.32819.101
MinimumVisualStudioVersion = 10.0.40219.1
Project("{FAE04EC0-301F-11D3-BF4B-00C04F79EFBC}") = "medidas", "medidas\medidas.csproj", "{ED665B5E-3CB1-48D4-A482-257DD918998E}"
EndProject
Global
	GlobalSection(SolutionConfigurationPlatforms) = preSolution
		Debug|Any CPU = Debug|Any CPU
		Release|Any CPU = Release|Any CPU
	EndGlobalSection
	GlobalSection(ProjectConfigurationPlatforms) = postSolution
		{ED665B5E-3CB1-48D4-A482-257DD918998E}.Debug|Any CPU.ActiveCfg = Debug|Any CPU
		{ED665B5E-3CB1-48D4-A482-257DD918998E}.Debug|Any CPU.Build.0 = Debug|Any CPU
		{ED665B5E-3CB1-48D4-A482-257DD918998E}.Release|Any CPU.ActiveCfg = Release|Any CPU
		{ED665B5E-3CB1-48D4-A482-257DD918998E}.Release|Any CPU.Build.0 = Release|Any CPU
	EndGlobalSection
	GlobalSection(SolutionProperties) = preSolution
		HideSolutionNode = FALSE
	EndGlobalSection
	GlobalSection(ExtensibilityGlobals) = postSolution
		SolutionGuid = {9B7E8D94-2149-428F-9BDA-D753E1AB9BBD}
	EndGlobalSection
EndGlobal
