
Microsoft Visual Studio Solution File, Format Version 12.00
# Visual Studio Version 17
VisualStudioVersion = 17.3.32819.101
MinimumVisualStudioVersion = 10.0.40219.1
Project("{FAE04EC0-301F-11D3-BF4B-00C04F79EFBC}") = "baskara", "baskara\baskara.csproj", "{0B3B4C26-1425-4977-9B76-E0A70E4A522E}"
EndProject
Global
	GlobalSection(SolutionConfigurationPlatforms) = preSolution
		Debug|Any CPU = Debug|Any CPU
		Release|Any CPU = Release|Any CPU
	EndGlobalSection
	GlobalSection(ProjectConfigurationPlatforms) = postSolution
		{0B3B4C26-1425-4977-9B76-E0A70E4A522E}.Debug|Any CPU.ActiveCfg = Debug|Any CPU
		{0B3B4C26-1425-4977-9B76-E0A70E4A522E}.Debug|Any CPU.Build.0 = Debug|Any CPU
		{0B3B4C26-1425-4977-9B76-E0A70E4A522E}.Release|Any CPU.ActiveCfg = Release|Any CPU
		{0B3B4C26-1425-4977-9B76-E0A70E4A522E}.Release|Any CPU.Build.0 = Release|Any CPU
	EndGlobalSection
	GlobalSection(SolutionProperties) = preSolution
		HideSolutionNode = FALSE
	EndGlobalSection
	GlobalSection(ExtensibilityGlobals) = postSolution
		SolutionGuid = {BEAE70EF-79FC-4A3E-BE6A-263A1D2E2F4E}
	EndGlobalSection
EndGlobal
