
Microsoft Visual Studio Solution File, Format Version 12.00
# Visual Studio Version 17
VisualStudioVersion = 17.3.32819.101
MinimumVisualStudioVersion = 10.0.40219.1
Project("{FAE04EC0-301F-11D3-BF4B-00C04F79EFBC}") = "tempo_de_jogo", "tempo_de_jogo\tempo_de_jogo.csproj", "{0C72238B-0BA1-45B0-BCC2-D4C9EA4C91CF}"
EndProject
Global
	GlobalSection(SolutionConfigurationPlatforms) = preSolution
		Debug|Any CPU = Debug|Any CPU
		Release|Any CPU = Release|Any CPU
	EndGlobalSection
	GlobalSection(ProjectConfigurationPlatforms) = postSolution
		{0C72238B-0BA1-45B0-BCC2-D4C9EA4C91CF}.Debug|Any CPU.ActiveCfg = Debug|Any CPU
		{0C72238B-0BA1-45B0-BCC2-D4C9EA4C91CF}.Debug|Any CPU.Build.0 = Debug|Any CPU
		{0C72238B-0BA1-45B0-BCC2-D4C9EA4C91CF}.Release|Any CPU.ActiveCfg = Release|Any CPU
		{0C72238B-0BA1-45B0-BCC2-D4C9EA4C91CF}.Release|Any CPU.Build.0 = Release|Any CPU
	EndGlobalSection
	GlobalSection(SolutionProperties) = preSolution
		HideSolutionNode = FALSE
	EndGlobalSection
	GlobalSection(ExtensibilityGlobals) = postSolution
		SolutionGuid = {C0D616C3-F2DE-4A0B-9E57-F146BAA7D851}
	EndGlobalSection
EndGlobal
