
Microsoft Visual Studio Solution File, Format Version 12.00
# Visual Studio Version 17
VisualStudioVersion = 17.3.32819.101
MinimumVisualStudioVersion = 10.0.40219.1
Project("{FAE04EC0-301F-11D3-BF4B-00C04F79EFBC}") = "temperatura", "temperatura\temperatura.csproj", "{1A3A4C81-373E-4019-910C-167BFE12B4CC}"
EndProject
Global
	GlobalSection(SolutionConfigurationPlatforms) = preSolution
		Debug|Any CPU = Debug|Any CPU
		Release|Any CPU = Release|Any CPU
	EndGlobalSection
	GlobalSection(ProjectConfigurationPlatforms) = postSolution
		{1A3A4C81-373E-4019-910C-167BFE12B4CC}.Debug|Any CPU.ActiveCfg = Debug|Any CPU
		{1A3A4C81-373E-4019-910C-167BFE12B4CC}.Debug|Any CPU.Build.0 = Debug|Any CPU
		{1A3A4C81-373E-4019-910C-167BFE12B4CC}.Release|Any CPU.ActiveCfg = Release|Any CPU
		{1A3A4C81-373E-4019-910C-167BFE12B4CC}.Release|Any CPU.Build.0 = Release|Any CPU
	EndGlobalSection
	GlobalSection(SolutionProperties) = preSolution
		HideSolutionNode = FALSE
	EndGlobalSection
	GlobalSection(ExtensibilityGlobals) = postSolution
		SolutionGuid = {C614AA14-8FBF-4982-A4D8-B5DEBDFA65A3}
	EndGlobalSection
EndGlobal
