
Microsoft Visual Studio Solution File, Format Version 12.00
# Visual Studio Version 17
VisualStudioVersion = 17.3.32819.101
MinimumVisualStudioVersion = 10.0.40219.1
Project("{FAE04EC0-301F-11D3-BF4B-00C04F79EFBC}") = "EstruturaForExerc07", "EstruturaForExerc07\EstruturaForExerc07.csproj", "{DC4E21DC-DE8D-48C0-B6B2-1F3F00349452}"
EndProject
Global
	GlobalSection(SolutionConfigurationPlatforms) = preSolution
		Debug|Any CPU = Debug|Any CPU
		Release|Any CPU = Release|Any CPU
	EndGlobalSection
	GlobalSection(ProjectConfigurationPlatforms) = postSolution
		{DC4E21DC-DE8D-48C0-B6B2-1F3F00349452}.Debug|Any CPU.ActiveCfg = Debug|Any CPU
		{DC4E21DC-DE8D-48C0-B6B2-1F3F00349452}.Debug|Any CPU.Build.0 = Debug|Any CPU
		{DC4E21DC-DE8D-48C0-B6B2-1F3F00349452}.Release|Any CPU.ActiveCfg = Release|Any CPU
		{DC4E21DC-DE8D-48C0-B6B2-1F3F00349452}.Release|Any CPU.Build.0 = Release|Any CPU
	EndGlobalSection
	GlobalSection(SolutionProperties) = preSolution
		HideSolutionNode = FALSE
	EndGlobalSection
	GlobalSection(ExtensibilityGlobals) = postSolution
		SolutionGuid = {D8F0C33A-9B82-4DF1-8C78-2B8089FC8B65}
	EndGlobalSection
EndGlobal
