
Microsoft Visual Studio Solution File, Format Version 12.00
# Visual Studio Version 17
VisualStudioVersion = 17.3.32819.101
MinimumVisualStudioVersion = 10.0.40219.1
Project("{FAE04EC0-301F-11D3-BF4B-00C04F79EFBC}") = "EstruturaSequencialExerc04", "EstruturaSequencialExerc04\EstruturaSequencialExerc04.csproj", "{CEA8CFDC-09F6-4908-A6C7-6C69E83545C9}"
EndProject
Global
	GlobalSection(SolutionConfigurationPlatforms) = preSolution
		Debug|Any CPU = Debug|Any CPU
		Release|Any CPU = Release|Any CPU
	EndGlobalSection
	GlobalSection(ProjectConfigurationPlatforms) = postSolution
		{CEA8CFDC-09F6-4908-A6C7-6C69E83545C9}.Debug|Any CPU.ActiveCfg = Debug|Any CPU
		{CEA8CFDC-09F6-4908-A6C7-6C69E83545C9}.Debug|Any CPU.Build.0 = Debug|Any CPU
		{CEA8CFDC-09F6-4908-A6C7-6C69E83545C9}.Release|Any CPU.ActiveCfg = Release|Any CPU
		{CEA8CFDC-09F6-4908-A6C7-6C69E83545C9}.Release|Any CPU.Build.0 = Release|Any CPU
	EndGlobalSection
	GlobalSection(SolutionProperties) = preSolution
		HideSolutionNode = FALSE
	EndGlobalSection
	GlobalSection(ExtensibilityGlobals) = postSolution
		SolutionGuid = {0400F994-4150-4367-A3F9-728351345A9B}
	EndGlobalSection
EndGlobal
