
Microsoft Visual Studio Solution File, Format Version 12.00
# Visual Studio Version 17
VisualStudioVersion = 17.3.32819.101
MinimumVisualStudioVersion = 10.0.40219.1
Project("{FAE04EC0-301F-11D3-BF4B-00C04F79EFBC}") = "OperadorCoalescenciaNula", "OperadorCoalescenciaNula\OperadorCoalescenciaNula.csproj", "{C2FAAF75-24CD-4BC4-A01A-2E1640957924}"
EndProject
Global
	GlobalSection(SolutionConfigurationPlatforms) = preSolution
		Debug|Any CPU = Debug|Any CPU
		Release|Any CPU = Release|Any CPU
	EndGlobalSection
	GlobalSection(ProjectConfigurationPlatforms) = postSolution
		{C2FAAF75-24CD-4BC4-A01A-2E1640957924}.Debug|Any CPU.ActiveCfg = Debug|Any CPU
		{C2FAAF75-24CD-4BC4-A01A-2E1640957924}.Debug|Any CPU.Build.0 = Debug|Any CPU
		{C2FAAF75-24CD-4BC4-A01A-2E1640957924}.Release|Any CPU.ActiveCfg = Release|Any CPU
		{C2FAAF75-24CD-4BC4-A01A-2E1640957924}.Release|Any CPU.Build.0 = Release|Any CPU
	EndGlobalSection
	GlobalSection(SolutionProperties) = preSolution
		HideSolutionNode = FALSE
	EndGlobalSection
	GlobalSection(ExtensibilityGlobals) = postSolution
		SolutionGuid = {C869F8AB-28E7-4081-AEB7-AFA2DBF4D549}
	EndGlobalSection
EndGlobal
