
Microsoft Visual Studio Solution File, Format Version 12.00
# Visual Studio Version 17
VisualStudioVersion = 17.3.32819.101
MinimumVisualStudioVersion = 10.0.40219.1
Project("{FAE04EC0-301F-11D3-BF4B-00C04F79EFBC}") = "exercicio_2_1", "exercicio_2_1\exercicio_2_1.csproj", "{1F7050C4-E6DB-4128-A757-B2BBADA6FE16}"
EndProject
Global
	GlobalSection(SolutionConfigurationPlatforms) = preSolution
		Debug|Any CPU = Debug|Any CPU
		Release|Any CPU = Release|Any CPU
	EndGlobalSection
	GlobalSection(ProjectConfigurationPlatforms) = postSolution
		{1F7050C4-E6DB-4128-A757-B2BBADA6FE16}.Debug|Any CPU.ActiveCfg = Debug|Any CPU
		{1F7050C4-E6DB-4128-A757-B2BBADA6FE16}.Debug|Any CPU.Build.0 = Debug|Any CPU
		{1F7050C4-E6DB-4128-A757-B2BBADA6FE16}.Release|Any CPU.ActiveCfg = Release|Any CPU
		{1F7050C4-E6DB-4128-A757-B2BBADA6FE16}.Release|Any CPU.Build.0 = Release|Any CPU
	EndGlobalSection
	GlobalSection(SolutionProperties) = preSolution
		HideSolutionNode = FALSE
	EndGlobalSection
	GlobalSection(ExtensibilityGlobals) = postSolution
		SolutionGuid = {C525AC09-7F75-4BD7-8222-FED087F3F9BB}
	EndGlobalSection
EndGlobal
