
Microsoft Visual Studio Solution File, Format Version 12.00
# Visual Studio Version 17
VisualStudioVersion = 17.3.32819.101
MinimumVisualStudioVersion = 10.0.40219.1
Project("{FAE04EC0-301F-11D3-BF4B-00C04F79EFBC}") = "soma_vetores", "soma_vetores\soma_vetores.csproj", "{851CAB09-F1D8-49FB-8FC4-98E2AA05ED14}"
EndProject
Global
	GlobalSection(SolutionConfigurationPlatforms) = preSolution
		Debug|Any CPU = Debug|Any CPU
		Release|Any CPU = Release|Any CPU
	EndGlobalSection
	GlobalSection(ProjectConfigurationPlatforms) = postSolution
		{851CAB09-F1D8-49FB-8FC4-98E2AA05ED14}.Debug|Any CPU.ActiveCfg = Debug|Any CPU
		{851CAB09-F1D8-49FB-8FC4-98E2AA05ED14}.Debug|Any CPU.Build.0 = Debug|Any CPU
		{851CAB09-F1D8-49FB-8FC4-98E2AA05ED14}.Release|Any CPU.ActiveCfg = Release|Any CPU
		{851CAB09-F1D8-49FB-8FC4-98E2AA05ED14}.Release|Any CPU.Build.0 = Release|Any CPU
	EndGlobalSection
	GlobalSection(SolutionProperties) = preSolution
		HideSolutionNode = FALSE
	EndGlobalSection
	GlobalSection(ExtensibilityGlobals) = postSolution
		SolutionGuid = {82A30DBF-4362-4F2A-BAA0-35597A495E02}
	EndGlobalSection
EndGlobal
