
Microsoft Visual Studio Solution File, Format Version 12.00
# Visual Studio Version 17
VisualStudioVersion = 17.3.32819.101
MinimumVisualStudioVersion = 10.0.40219.1
Project("{FAE04EC0-301F-11D3-BF4B-00C04F79EFBC}") = "EstruturaForExerc06", "EstruturaForExerc06\EstruturaForExerc06.csproj", "{76133239-069D-445E-B1C8-B5E36BBE054B}"
EndProject
Global
	GlobalSection(SolutionConfigurationPlatforms) = preSolution
		Debug|Any CPU = Debug|Any CPU
		Release|Any CPU = Release|Any CPU
	EndGlobalSection
	GlobalSection(ProjectConfigurationPlatforms) = postSolution
		{76133239-069D-445E-B1C8-B5E36BBE054B}.Debug|Any CPU.ActiveCfg = Debug|Any CPU
		{76133239-069D-445E-B1C8-B5E36BBE054B}.Debug|Any CPU.Build.0 = Debug|Any CPU
		{76133239-069D-445E-B1C8-B5E36BBE054B}.Release|Any CPU.ActiveCfg = Release|Any CPU
		{76133239-069D-445E-B1C8-B5E36BBE054B}.Release|Any CPU.Build.0 = Release|Any CPU
	EndGlobalSection
	GlobalSection(SolutionProperties) = preSolution
		HideSolutionNode = FALSE
	EndGlobalSection
	GlobalSection(ExtensibilityGlobals) = postSolution
		SolutionGuid = {933A58FA-EDCC-4E33-B6A9-1C9A494D0D2D}
	EndGlobalSection
EndGlobal
