
Microsoft Visual Studio Solution File, Format Version 12.00
# Visual Studio Version 17
VisualStudioVersion = 17.3.32819.101
MinimumVisualStudioVersion = 10.0.40219.1
Project("{FAE04EC0-301F-11D3-BF4B-00C04F79EFBC}") = "Exercicio_1_1", "Exercicio_1_1\Exercicio_1_1.csproj", "{5AFFE2B4-8A1A-431B-B3AB-F7AACEDB7C77}"
EndProject
Global
	GlobalSection(SolutionConfigurationPlatforms) = preSolution
		Debug|Any CPU = Debug|Any CPU
		Release|Any CPU = Release|Any CPU
	EndGlobalSection
	GlobalSection(ProjectConfigurationPlatforms) = postSolution
		{5AFFE2B4-8A1A-431B-B3AB-F7AACEDB7C77}.Debug|Any CPU.ActiveCfg = Debug|Any CPU
		{5AFFE2B4-8A1A-431B-B3AB-F7AACEDB7C77}.Debug|Any CPU.Build.0 = Debug|Any CPU
		{5AFFE2B4-8A1A-431B-B3AB-F7AACEDB7C77}.Release|Any CPU.ActiveCfg = Release|Any CPU
		{5AFFE2B4-8A1A-431B-B3AB-F7AACEDB7C77}.Release|Any CPU.Build.0 = Release|Any CPU
	EndGlobalSection
	GlobalSection(SolutionProperties) = preSolution
		HideSolutionNode = FALSE
	EndGlobalSection
	GlobalSection(ExtensibilityGlobals) = postSolution
		SolutionGuid = {48BD877C-5BD3-466A-BDDD-E7AFF342CAC4}
	EndGlobalSection
EndGlobal
