
Microsoft Visual Studio Solution File, Format Version 12.00
# Visual Studio Version 17
VisualStudioVersion = 17.3.32819.101
MinimumVisualStudioVersion = 10.0.40219.1
Project("{FAE04EC0-301F-11D3-BF4B-00C04F79EFBC}") = "ConversorDeMoedas", "ConversorDeMoedas\ConversorDeMoedas.csproj", "{94F8B139-74C0-4F34-8695-067A201734ED}"
EndProject
Global
	GlobalSection(SolutionConfigurationPlatforms) = preSolution
		Debug|Any CPU = Debug|Any CPU
		Release|Any CPU = Release|Any CPU
	EndGlobalSection
	GlobalSection(ProjectConfigurationPlatforms) = postSolution
		{94F8B139-74C0-4F34-8695-067A201734ED}.Debug|Any CPU.ActiveCfg = Debug|Any CPU
		{94F8B139-74C0-4F34-8695-067A201734ED}.Debug|Any CPU.Build.0 = Debug|Any CPU
		{94F8B139-74C0-4F34-8695-067A201734ED}.Release|Any CPU.ActiveCfg = Release|Any CPU
		{94F8B139-74C0-4F34-8695-067A201734ED}.Release|Any CPU.Build.0 = Release|Any CPU
	EndGlobalSection
	GlobalSection(SolutionProperties) = preSolution
		HideSolutionNode = FALSE
	EndGlobalSection
	GlobalSection(ExtensibilityGlobals) = postSolution
		SolutionGuid = {EA64FC13-3EAE-4497-92BB-F3D5C0F65ED3}
	EndGlobalSection
EndGlobal
