
Microsoft Visual Studio Solution File, Format Version 12.00
# Visual Studio Version 17
VisualStudioVersion = 17.3.32819.101
MinimumVisualStudioVersion = 10.0.40219.1
Project("{FAE04EC0-301F-11D3-BF4B-00C04F79EFBC}") = "EstruturaCondicionalExerc07", "EstruturaCondicionalExerc07\EstruturaCondicionalExerc07.csproj", "{C90CB7F0-3D22-4DAF-8833-E80933D5E781}"
EndProject
Global
	GlobalSection(SolutionConfigurationPlatforms) = preSolution
		Debug|Any CPU = Debug|Any CPU
		Release|Any CPU = Release|Any CPU
	EndGlobalSection
	GlobalSection(ProjectConfigurationPlatforms) = postSolution
		{C90CB7F0-3D22-4DAF-8833-E80933D5E781}.Debug|Any CPU.ActiveCfg = Debug|Any CPU
		{C90CB7F0-3D22-4DAF-8833-E80933D5E781}.Debug|Any CPU.Build.0 = Debug|Any CPU
		{C90CB7F0-3D22-4DAF-8833-E80933D5E781}.Release|Any CPU.ActiveCfg = Release|Any CPU
		{C90CB7F0-3D22-4DAF-8833-E80933D5E781}.Release|Any CPU.Build.0 = Release|Any CPU
	EndGlobalSection
	GlobalSection(SolutionProperties) = preSolution
		HideSolutionNode = FALSE
	EndGlobalSection
	GlobalSection(ExtensibilityGlobals) = postSolution
		SolutionGuid = {55DBAB58-FCEC-4583-BCB2-5CDC73F737F2}
	EndGlobalSection
EndGlobal
