
Microsoft Visual Studio Solution File, Format Version 12.00
# Visual Studio Version 17
VisualStudioVersion = 17.3.32819.101
MinimumVisualStudioVersion = 10.0.40219.1
Project("{FAE04EC0-301F-11D3-BF4B-00C04F79EFBC}") = "EstruturaForExerc02", "EstruturaForExerc02\EstruturaForExerc02.csproj", "{8105A458-3CC8-4A33-A2CE-78FD3E993DB3}"
EndProject
Global
	GlobalSection(SolutionConfigurationPlatforms) = preSolution
		Debug|Any CPU = Debug|Any CPU
		Release|Any CPU = Release|Any CPU
	EndGlobalSection
	GlobalSection(ProjectConfigurationPlatforms) = postSolution
		{8105A458-3CC8-4A33-A2CE-78FD3E993DB3}.Debug|Any CPU.ActiveCfg = Debug|Any CPU
		{8105A458-3CC8-4A33-A2CE-78FD3E993DB3}.Debug|Any CPU.Build.0 = Debug|Any CPU
		{8105A458-3CC8-4A33-A2CE-78FD3E993DB3}.Release|Any CPU.ActiveCfg = Release|Any CPU
		{8105A458-3CC8-4A33-A2CE-78FD3E993DB3}.Release|Any CPU.Build.0 = Release|Any CPU
	EndGlobalSection
	GlobalSection(SolutionProperties) = preSolution
		HideSolutionNode = FALSE
	EndGlobalSection
	GlobalSection(ExtensibilityGlobals) = postSolution
		SolutionGuid = {22AEFC14-080D-424C-81E8-68FDA4C91125}
	EndGlobalSection
EndGlobal
