
Microsoft Visual Studio Solution File, Format Version 12.00
# Visual Studio Version 17
VisualStudioVersion = 17.3.32819.101
MinimumVisualStudioVersion = 10.0.40219.1
Project("{FAE04EC0-301F-11D3-BF4B-00C04F79EFBC}") = "trianguloComFormulaHeronComClasses", "trianguloComFormulaHeronComClasses\trianguloComFormulaHeronComClasses.csproj", "{C5578DCC-F709-4E36-8020-3F4D7CE3CA26}"
EndProject
Global
	GlobalSection(SolutionConfigurationPlatforms) = preSolution
		Debug|Any CPU = Debug|Any CPU
		Release|Any CPU = Release|Any CPU
	EndGlobalSection
	GlobalSection(ProjectConfigurationPlatforms) = postSolution
		{C5578DCC-F709-4E36-8020-3F4D7CE3CA26}.Debug|Any CPU.ActiveCfg = Debug|Any CPU
		{C5578DCC-F709-4E36-8020-3F4D7CE3CA26}.Debug|Any CPU.Build.0 = Debug|Any CPU
		{C5578DCC-F709-4E36-8020-3F4D7CE3CA26}.Release|Any CPU.ActiveCfg = Release|Any CPU
		{C5578DCC-F709-4E36-8020-3F4D7CE3CA26}.Release|Any CPU.Build.0 = Release|Any CPU
	EndGlobalSection
	GlobalSection(SolutionProperties) = preSolution
		HideSolutionNode = FALSE
	EndGlobalSection
	GlobalSection(ExtensibilityGlobals) = postSolution
		SolutionGuid = {403A9451-7586-469A-AE6C-2FD4F3BBD705}
	EndGlobalSection
EndGlobal
