
Microsoft Visual Studio Solution File, Format Version 12.00
# Visual Studio Version 17
VisualStudioVersion = 17.3.32819.101
MinimumVisualStudioVersion = 10.0.40219.1
Project("{FAE04EC0-301F-11D3-BF4B-00C04F79EFBC}") = "retangulo", "retangulo\retangulo.csproj", "{BDE1CE12-6CE2-49BF-91E4-AE68C8CDFD4B}"
EndProject
Global
	GlobalSection(SolutionConfigurationPlatforms) = preSolution
		Debug|Any CPU = Debug|Any CPU
		Release|Any CPU = Release|Any CPU
	EndGlobalSection
	GlobalSection(ProjectConfigurationPlatforms) = postSolution
		{BDE1CE12-6CE2-49BF-91E4-AE68C8CDFD4B}.Debug|Any CPU.ActiveCfg = Debug|Any CPU
		{BDE1CE12-6CE2-49BF-91E4-AE68C8CDFD4B}.Debug|Any CPU.Build.0 = Debug|Any CPU
		{BDE1CE12-6CE2-49BF-91E4-AE68C8CDFD4B}.Release|Any CPU.ActiveCfg = Release|Any CPU
		{BDE1CE12-6CE2-49BF-91E4-AE68C8CDFD4B}.Release|Any CPU.Build.0 = Release|Any CPU
	EndGlobalSection
	GlobalSection(SolutionProperties) = preSolution
		HideSolutionNode = FALSE
	EndGlobalSection
	GlobalSection(ExtensibilityGlobals) = postSolution
		SolutionGuid = {C6D79BC1-BA0F-4BD9-9F02-3B46E9FC20CE}
	EndGlobalSection
EndGlobal
