
Microsoft Visual Studio Solution File, Format Version 12.00
# Visual Studio Version 17
VisualStudioVersion = 17.3.32819.101
MinimumVisualStudioVersion = 10.0.40219.1
Project("{FAE04EC0-301F-11D3-BF4B-00C04F79EFBC}") = "ExercicioFixacaoComClasse2", "ExercicioFixacaoComClasse2\ExercicioFixacaoComClasse2.csproj", "{649206C7-78B1-4CBC-B84C-B6184C231B93}"
EndProject
Global
	GlobalSection(SolutionConfigurationPlatforms) = preSolution
		Debug|Any CPU = Debug|Any CPU
		Release|Any CPU = Release|Any CPU
	EndGlobalSection
	GlobalSection(ProjectConfigurationPlatforms) = postSolution
		{649206C7-78B1-4CBC-B84C-B6184C231B93}.Debug|Any CPU.ActiveCfg = Debug|Any CPU
		{649206C7-78B1-4CBC-B84C-B6184C231B93}.Debug|Any CPU.Build.0 = Debug|Any CPU
		{649206C7-78B1-4CBC-B84C-B6184C231B93}.Release|Any CPU.ActiveCfg = Release|Any CPU
		{649206C7-78B1-4CBC-B84C-B6184C231B93}.Release|Any CPU.Build.0 = Release|Any CPU
	EndGlobalSection
	GlobalSection(SolutionProperties) = preSolution
		HideSolutionNode = FALSE
	EndGlobalSection
	GlobalSection(ExtensibilityGlobals) = postSolution
		SolutionGuid = {55763028-0C00-4C9A-A5E8-A67B3E8E287F}
	EndGlobalSection
EndGlobal
