
Microsoft Visual Studio Solution File, Format Version 12.00
# Visual Studio Version 17
VisualStudioVersion = 17.3.32819.101
MinimumVisualStudioVersion = 10.0.40219.1
Project("{FAE04EC0-301F-11D3-BF4B-00C04F79EFBC}") = "quadrante", "quadrante\quadrante.csproj", "{76C79DAD-8C7A-4E0F-BD5D-B2C74E736A68}"
EndProject
Global
	GlobalSection(SolutionConfigurationPlatforms) = preSolution
		Debug|Any CPU = Debug|Any CPU
		Release|Any CPU = Release|Any CPU
	EndGlobalSection
	GlobalSection(ProjectConfigurationPlatforms) = postSolution
		{76C79DAD-8C7A-4E0F-BD5D-B2C74E736A68}.Debug|Any CPU.ActiveCfg = Debug|Any CPU
		{76C79DAD-8C7A-4E0F-BD5D-B2C74E736A68}.Debug|Any CPU.Build.0 = Debug|Any CPU
		{76C79DAD-8C7A-4E0F-BD5D-B2C74E736A68}.Release|Any CPU.ActiveCfg = Release|Any CPU
		{76C79DAD-8C7A-4E0F-BD5D-B2C74E736A68}.Release|Any CPU.Build.0 = Release|Any CPU
	EndGlobalSection
	GlobalSection(SolutionProperties) = preSolution
		HideSolutionNode = FALSE
	EndGlobalSection
	GlobalSection(ExtensibilityGlobals) = postSolution
		SolutionGuid = {448711C9-C187-4384-A13D-81F2CBB69FD9}
	EndGlobalSection
EndGlobal
