
Microsoft Visual Studio Solution File, Format Version 12.00
# Visual Studio Version 17
VisualStudioVersion = 17.3.32819.101
MinimumVisualStudioVersion = 10.0.40219.1
Project("{FAE04EC0-301F-11D3-BF4B-00C04F79EFBC}") = "maior_posicao", "maior_posicao\maior_posicao.csproj", "{E905FA6E-E798-4E50-A14E-63A139034B96}"
EndProject
Global
	GlobalSection(SolutionConfigurationPlatforms) = preSolution
		Debug|Any CPU = Debug|Any CPU
		Release|Any CPU = Release|Any CPU
	EndGlobalSection
	GlobalSection(ProjectConfigurationPlatforms) = postSolution
		{E905FA6E-E798-4E50-A14E-63A139034B96}.Debug|Any CPU.ActiveCfg = Debug|Any CPU
		{E905FA6E-E798-4E50-A14E-63A139034B96}.Debug|Any CPU.Build.0 = Debug|Any CPU
		{E905FA6E-E798-4E50-A14E-63A139034B96}.Release|Any CPU.ActiveCfg = Release|Any CPU
		{E905FA6E-E798-4E50-A14E-63A139034B96}.Release|Any CPU.Build.0 = Release|Any CPU
	EndGlobalSection
	GlobalSection(SolutionProperties) = preSolution
		HideSolutionNode = FALSE
	EndGlobalSection
	GlobalSection(ExtensibilityGlobals) = postSolution
		SolutionGuid = {DE260755-8022-4B5F-B92B-3DD0AB6CE578}
	EndGlobalSection
EndGlobal
