
Microsoft Visual Studio Solution File, Format Version 12.00
# Visual Studio Version 17
VisualStudioVersion = 17.3.32819.101
MinimumVisualStudioVersion = 10.0.40219.1
Project("{FAE04EC0-301F-11D3-BF4B-00C04F79EFBC}") = "media_pares", "media_pares\media_pares.csproj", "{F92A8087-A5C5-46F8-9F14-4597B2C7539D}"
EndProject
Global
	GlobalSection(SolutionConfigurationPlatforms) = preSolution
		Debug|Any CPU = Debug|Any CPU
		Release|Any CPU = Release|Any CPU
	EndGlobalSection
	GlobalSection(ProjectConfigurationPlatforms) = postSolution
		{F92A8087-A5C5-46F8-9F14-4597B2C7539D}.Debug|Any CPU.ActiveCfg = Debug|Any CPU
		{F92A8087-A5C5-46F8-9F14-4597B2C7539D}.Debug|Any CPU.Build.0 = Debug|Any CPU
		{F92A8087-A5C5-46F8-9F14-4597B2C7539D}.Release|Any CPU.ActiveCfg = Release|Any CPU
		{F92A8087-A5C5-46F8-9F14-4597B2C7539D}.Release|Any CPU.Build.0 = Release|Any CPU
	EndGlobalSection
	GlobalSection(SolutionProperties) = preSolution
		HideSolutionNode = FALSE
	EndGlobalSection
	GlobalSection(ExtensibilityGlobals) = postSolution
		SolutionGuid = {AC0649C7-6877-4FF7-B8F7-FC131758E136}
	EndGlobalSection
EndGlobal
