
Microsoft Visual Studio Solution File, Format Version 12.00
# Visual Studio Version 17
VisualStudioVersion = 17.3.32819.101
MinimumVisualStudioVersion = 10.0.40219.1
Project("{FAE04EC0-301F-11D3-BF4B-00C04F79EFBC}") = "tabuada", "tabuada\tabuada.csproj", "{815BE1A4-EB36-4F5D-B511-FFB90AE5DC07}"
EndProject
Global
	GlobalSection(SolutionConfigurationPlatforms) = preSolution
		Debug|Any CPU = Debug|Any CPU
		Release|Any CPU = Release|Any CPU
	EndGlobalSection
	GlobalSection(ProjectConfigurationPlatforms) = postSolution
		{815BE1A4-EB36-4F5D-B511-FFB90AE5DC07}.Debug|Any CPU.ActiveCfg = Debug|Any CPU
		{815BE1A4-EB36-4F5D-B511-FFB90AE5DC07}.Debug|Any CPU.Build.0 = Debug|Any CPU
		{815BE1A4-EB36-4F5D-B511-FFB90AE5DC07}.Release|Any CPU.ActiveCfg = Release|Any CPU
		{815BE1A4-EB36-4F5D-B511-FFB90AE5DC07}.Release|Any CPU.Build.0 = Release|Any CPU
	EndGlobalSection
	GlobalSection(SolutionProperties) = preSolution
		HideSolutionNode = FALSE
	EndGlobalSection
	GlobalSection(ExtensibilityGlobals) = postSolution
		SolutionGuid = {9030F4D6-4E85-4E67-90B7-1C418559C10C}
	EndGlobalSection
EndGlobal
